
Microsoft Visual Studio Solution File, Format Version 12.00
Project("{FAE04EC0-301F-11D3-BF4B-00C04F79EFBC}") = "E-commerce.API", "E-commerce.API\E-commerce.API.csproj", "{2A73658E-8173-4B30-AD5A-A60361B777E9}"
EndProject
Project("{FAE04EC0-301F-11D3-BF4B-00C04F79EFBC}") = "E-commerce.Domain", "E-commerce.Domain\E-commerce.Domain.csproj", "{7FBE99DE-3D58-4A09-8F51-340DD993BC8A}"
EndProject
Project("{FAE04EC0-301F-11D3-BF4B-00C04F79EFBC}") = "E-commerce.Infrastructure", "E-commerce.Infrastructure\E-commerce.Infrastructure.csproj", "{7518EBE1-5FBD-4C18-8532-1953BFB65542}"
EndProject
Global
	GlobalSection(SolutionConfigurationPlatforms) = preSolution
		Debug|Any CPU = Debug|Any CPU
		Release|Any CPU = Release|Any CPU
	EndGlobalSection
	GlobalSection(ProjectConfigurationPlatforms) = postSolution
		{2A73658E-8173-4B30-AD5A-A60361B777E9}.Debug|Any CPU.ActiveCfg = Debug|Any CPU
		{2A73658E-8173-4B30-AD5A-A60361B777E9}.Debug|Any CPU.Build.0 = Debug|Any CPU
		{2A73658E-8173-4B30-AD5A-A60361B777E9}.Release|Any CPU.ActiveCfg = Release|Any CPU
		{2A73658E-8173-4B30-AD5A-A60361B777E9}.Release|Any CPU.Build.0 = Release|Any CPU
		{7FBE99DE-3D58-4A09-8F51-340DD993BC8A}.Debug|Any CPU.ActiveCfg = Debug|Any CPU
		{7FBE99DE-3D58-4A09-8F51-340DD993BC8A}.Debug|Any CPU.Build.0 = Debug|Any CPU
		{7FBE99DE-3D58-4A09-8F51-340DD993BC8A}.Release|Any CPU.ActiveCfg = Release|Any CPU
		{7FBE99DE-3D58-4A09-8F51-340DD993BC8A}.Release|Any CPU.Build.0 = Release|Any CPU
		{7518EBE1-5FBD-4C18-8532-1953BFB65542}.Debug|Any CPU.ActiveCfg = Debug|Any CPU
		{7518EBE1-5FBD-4C18-8532-1953BFB65542}.Debug|Any CPU.Build.0 = Debug|Any CPU
		{7518EBE1-5FBD-4C18-8532-1953BFB65542}.Release|Any CPU.ActiveCfg = Release|Any CPU
		{7518EBE1-5FBD-4C18-8532-1953BFB65542}.Release|Any CPU.Build.0 = Release|Any CPU
	EndGlobalSection
EndGlobal
